
Microsoft Visual Studio Solution File, Format Version 12.00
# Visual Studio 15
VisualStudioVersion = 15.0.28307.757
MinimumVisualStudioVersion = 10.0.40219.1
Project("{FAE04EC0-301F-11D3-BF4B-00C04F79EFBC}") = "DrawRoundRectDemo", "DrawRoundRectDemo\DrawRoundRectDemo.csproj", "{6383CFC4-125E-4BB2-A26D-D52CC20D802E}"
EndProject
Global
	GlobalSection(SolutionConfigurationPlatforms) = preSolution
		Debug|Any CPU = Debug|Any CPU
		Release|Any CPU = Release|Any CPU
	EndGlobalSection
	GlobalSection(ProjectConfigurationPlatforms) = postSolution
		{6383CFC4-125E-4BB2-A26D-D52CC20D802E}.Debug|Any CPU.ActiveCfg = Debug|Any CPU
		{6383CFC4-125E-4BB2-A26D-D52CC20D802E}.Debug|Any CPU.Build.0 = Debug|Any CPU
		{6383CFC4-125E-4BB2-A26D-D52CC20D802E}.Release|Any CPU.ActiveCfg = Release|Any CPU
		{6383CFC4-125E-4BB2-A26D-D52CC20D802E}.Release|Any CPU.Build.0 = Release|Any CPU
	EndGlobalSection
	GlobalSection(SolutionProperties) = preSolution
		HideSolutionNode = FALSE
	EndGlobalSection
	GlobalSection(ExtensibilityGlobals) = postSolution
		SolutionGuid = {114E61D2-CEAA-4829-B094-D7826D191642}
	EndGlobalSection
EndGlobal
